
Microsoft Visual Studio Solution File, Format Version 12.00
# Visual Studio Version 17
VisualStudioVersion = 17.3.32825.248
MinimumVisualStudioVersion = 10.0.40219.1
Project("{FAE04EC0-301F-11D3-BF4B-00C04F79EFBC}") = "A01", "A01.csproj", "{482D9E9E-0EEA-4442-B14A-B3888A07DD89}"
EndProject
Global
	GlobalSection(SolutionConfigurationPlatforms) = preSolution
		Debug|Any CPU = Debug|Any CPU
		Release|Any CPU = Release|Any CPU
	EndGlobalSection
	GlobalSection(ProjectConfigurationPlatforms) = postSolution
		{482D9E9E-0EEA-4442-B14A-B3888A07DD89}.Debug|Any CPU.ActiveCfg = Debug|Any CPU
		{482D9E9E-0EEA-4442-B14A-B3888A07DD89}.Debug|Any CPU.Build.0 = Debug|Any CPU
		{482D9E9E-0EEA-4442-B14A-B3888A07DD89}.Release|Any CPU.ActiveCfg = Release|Any CPU
		{482D9E9E-0EEA-4442-B14A-B3888A07DD89}.Release|Any CPU.Build.0 = Release|Any CPU
	EndGlobalSection
	GlobalSection(SolutionProperties) = preSolution
		HideSolutionNode = FALSE
	EndGlobalSection
	GlobalSection(ExtensibilityGlobals) = postSolution
		SolutionGuid = {B35A283C-3EB8-4E6D-86C1-34EBB1F7BD3C}
	EndGlobalSection
EndGlobal
